<?xml version="1.0" encoding="utf-8"?>
<Project ToolsVersion="4.0" xmlns="http://schemas.microsoft.com/developer/msbuild/2003">
  <ItemGroup>
    <ClCompile Include="src\ofApp.cpp">
      <Filter>src</Filter>
    </ClCompile>
    <ClCompile Include="src\main.cpp">
      <Filter>src</Filter>
    </ClCompile>
    <ClCompile Include="..\..\of_v0.10.0_vs2017_release\addons\ofxGui\src\ofxBaseGui.cpp" />
    <ClCompile Include="..\..\of_v0.10.0_vs2017_release\addons\ofxGui\src\ofxButton.cpp" />
    <ClCompile Include="..\..\of_v0.10.0_vs2017_release\addons\ofxGui\src\ofxColorPicker.cpp" />
    <ClCompile Include="..\..\of_v0.10.0_vs2017_release\addons\ofxGui\src\ofxGuiGroup.cpp" />
    <ClCompile Include="..\..\of_v0.10.0_vs2017_release\addons\ofxGui\src\ofxInputField.cpp" />
    <ClCompile Include="..\..\of_v0.10.0_vs2017_release\addons\ofxGui\src\ofxLabel.cpp" />
    <ClCompile Include="..\..\of_v0.10.0_vs2017_release\addons\ofxGui\src\ofxPanel.cpp" />
    <ClCompile Include="..\..\of_v0.10.0_vs2017_release\addons\ofxGui\src\ofxSlider.cpp" />
    <ClCompile Include="..\..\of_v0.10.0_vs2017_release\addons\ofxGui\src\ofxSliderGroup.cpp" />
    <ClCompile Include="..\..\of_v0.10.0_vs2017_release\addons\ofxGui\src\ofxToggle.cpp" />
  </ItemGroup>
  <ItemGroup>
    <Filter Include="src">
      <UniqueIdentifier>{d8376475-7454-4a24-b08a-aac121d3ad6f}</UniqueIdentifier>
    </Filter>
    <Filter Include="addons">
      <UniqueIdentifier>{a53c7023-3905-42d8-a387-b230b58ee1d2}</UniqueIdentifier>
    </Filter>
    <Filter Include="addons\ofxGui">
      <UniqueIdentifier>{4aa0a63b-32ea-4eb6-a943-838a70c67c31}</UniqueIdentifier>
    </Filter>
    <Filter Include="addons\ofxGui\src">
      <UniqueIdentifier>{1d688cca-b485-43cf-b00d-346170e98943}</UniqueIdentifier>
    </Filter>
  </ItemGroup>
  <ItemGroup>
    <ClInclude Include="src\ofApp.h">
      <Filter>src</Filter>
    </ClInclude>
    <ClInclude Include="..\..\of_v0.10.0_vs2017_release\addons\ofxGui\src\ofxBaseGui.h" />
    <ClInclude Include="..\..\of_v0.10.0_vs2017_release\addons\ofxGui\src\ofxButton.h" />
    <ClInclude Include="..\..\of_v0.10.0_vs2017_release\addons\ofxGui\src\ofxColorPicker.h" />
    <ClInclude Include="..\..\of_v0.10.0_vs2017_release\addons\ofxGui\src\ofxGui.h" />
    <ClInclude Include="..\..\of_v0.10.0_vs2017_release\addons\ofxGui\src\ofxGuiGroup.h" />
    <ClInclude Include="..\..\of_v0.10.0_vs2017_release\addons\ofxGui\src\ofxInputField.h" />
    <ClInclude Include="..\..\of_v0.10.0_vs2017_release\addons\ofxGui\src\ofxLabel.h" />
    <ClInclude Include="..\..\of_v0.10.0_vs2017_release\addons\ofxGui\src\ofxPanel.h" />
    <ClInclude Include="..\..\of_v0.10.0_vs2017_release\addons\ofxGui\src\ofxSlider.h" />
    <ClInclude Include="..\..\of_v0.10.0_vs2017_release\addons\ofxGui\src\ofxSliderGroup.h" />
    <ClInclude Include="..\..\of_v0.10.0_vs2017_release\addons\ofxGui\src\ofxToggle.h" />
  </ItemGroup>
  <ItemGroup>
    <ResourceCompile Include="icon.rc" />
  </ItemGroup>
  <ItemGroup>
    <None Include="bin\data\.gitkeep" />
    <None Include=".gitignore" />
    <None Include="bin\data\passthrough.vert" />
    <None Include="bin\data\torus.ply" />
    <None Include="bin\data\uv_vis.frag" />
    <None Include="bin\data\mesh.vert" />
    <None Include="bin\data\normal_vis.frag" />
    <None Include="bin\data\diffuse.frag" />
    <None Include="bin\data\rimLight.frag" />
    <None Include="bin\data\rimLight.vert" />
    <None Include="bin\data\rimAndDir.frag" />
    <None Include="bin\data\specular.frag" />
  </ItemGroup>
</Project>